{
    "_readme": [
        "This file locks the dependencies of your project to a known state",
        "Read more about it at https://getcomposer.org/doc/01-basic-usage.md#installing-dependencies",
        "This file is @generated automatically"
    ],
    "content-hash": "b309c338b2bda4ca96d4e52ec9d93d1e",
    "packages": [
        {
            "name": "abeautifulsite/simple-php-captcha",
            "version": "1.0.1",
            "source": {
                "type": "git",
                "url": "https://github.com/claviska/simple-php-captcha.git",
                "reference": "673e5e98487699a4be6a1640dde63321ebe7e490"
            },
            "dist": {
                "type": "zip",
                "url": "https://api.github.com/repos/claviska/simple-php-captcha/zipball/673e5e98487699a4be6a1640dde63321ebe7e490",
                "reference": "673e5e98487699a4be6a1640dde63321ebe7e490",
                "shasum": ""
            },
            "type": "library",
            "autoload": {
                "files": [
                    "simple-php-captcha.php"
                ]
            },
            "notification-url": "https://packagist.org/downloads/",
            "license": [
                "MIT"
            ],
            "description": "A simple PHP CAPTCHA script",
            "homepage": "http://www.abeautifulsite.net/",
            "support": {
                "issues": "https://github.com/claviska/simple-php-captcha/issues",
                "source": "https://github.com/claviska/simple-php-captcha/tree/1.0.1"
            },
            "time": "2017-06-27T14:09:32+00:00"
        },
        {
            "name": "digitalnature/php-ref",
            "version": "v1.3",
            "source": {
                "type": "git",
                "url": "git@github.com:digitalnature/php-ref.git",
                "reference": "2381f04d7ebcbce1072e86b98a0ccbad191f3290"
            },
            "dist": {
                "type": "zip",
                "url": "https://api.github.com/repos/digitalnature/php-ref/zipball/2381f04d7ebcbce1072e86b98a0ccbad191f3290",
                "reference": "2381f04d7ebcbce1072e86b98a0ccbad191f3290",
                "shasum": ""
            },
            "require": {
                "php": ">=5.3.0"
            },
            "type": "library",
            "autoload": {
                "files": [
                    "ref.php"
                ]
            },
            "notification-url": "https://packagist.org/downloads/",
            "license": [
                "MIT"
            ],
            "description": "A nicer print_r/var_dump alternative for PHP 5.3+",
            "homepage": "https://github.com/digitalnature/php-ref",
            "keywords": [
                "debug",
                "var_dump"
            ],
            "time": "2020-01-28T21:41:16+00:00"
        }
    ],
    "packages-dev": [],
    "aliases": [],
    "minimum-stability": "stable",
    "stability-flags": [],
    "prefer-stable": false,
    "prefer-lowest": false,
    "platform": [],
    "platform-dev": [],
    "plugin-api-version": "2.0.0"
}
